
Microsoft Visual Studio Solution File, Format Version 12.00
# Visual Studio Version 16
VisualStudioVersion = 16.0.31205.134
MinimumVisualStudioVersion = 10.0.40219.1
Project("{FAE04EC0-301F-11D3-BF4B-00C04F79EFBC}") = "ExcelSQLNet5", "ExcelSQLNet5.csproj", "{8E483BBB-1460-4335-850C-36A63BFC0FEF}"
EndProject
Global
	GlobalSection(SolutionConfigurationPlatforms) = preSolution
		Debug|Any CPU = Debug|Any CPU
		Release|Any CPU = Release|Any CPU
	EndGlobalSection
	GlobalSection(ProjectConfigurationPlatforms) = postSolution
		{8E483BBB-1460-4335-850C-36A63BFC0FEF}.Debug|Any CPU.ActiveCfg = Debug|Any CPU
		{8E483BBB-1460-4335-850C-36A63BFC0FEF}.Debug|Any CPU.Build.0 = Debug|Any CPU
		{8E483BBB-1460-4335-850C-36A63BFC0FEF}.Release|Any CPU.ActiveCfg = Release|Any CPU
		{8E483BBB-1460-4335-850C-36A63BFC0FEF}.Release|Any CPU.Build.0 = Release|Any CPU
	EndGlobalSection
	GlobalSection(SolutionProperties) = preSolution
		HideSolutionNode = FALSE
	EndGlobalSection
	GlobalSection(ExtensibilityGlobals) = postSolution
		SolutionGuid = {D1A7DC6B-4BF1-47EE-96D1-29D03BA25829}
	EndGlobalSection
EndGlobal
